
Microsoft Visual Studio Solution File, Format Version 12.00
# Visual Studio Version 17
VisualStudioVersion = 17.0.31903.59
MinimumVisualStudioVersion = 10.0.40219.1
Project("{2150E333-8FDC-42A3-9474-1A3956D46DE8}") = "src", "src", "{827E0CD3-B72D-47B6-A68D-7590B98EB39B}"
EndProject
Project("{FAE04EC0-301F-11D3-BF4B-00C04F79EFBC}") = "CGEasy.App", "src\CGEasy.App\CGEasy.App.csproj", "{E176ABCD-BED6-459F-95CA-8C20969F1E15}"
EndProject
Project("{FAE04EC0-301F-11D3-BF4B-00C04F79EFBC}") = "CGEasy.Core", "src\CGEasy.Core\CGEasy.Core.csproj", "{66E1E675-75BE-4D3C-9B6D-8BE6856ABE45}"
EndProject
Project("{FAE04EC0-301F-11D3-BF4B-00C04F79EFBC}") = "CGEasy.TodoModule", "src\CGEasy.TodoModule\CGEasy.TodoModule.csproj", "{2C9D91BD-E9BE-4284-9920-6F77FB5B8A33}"
EndProject
Project("{FAE04EC0-301F-11D3-BF4B-00C04F79EFBC}") = "CGEasy.BilanciModule", "src\CGEasy.BilanciModule\CGEasy.BilanciModule.csproj", "{2E235BAB-0357-403C-B902-AF742AAEFEAC}"
EndProject
Project("{FAE04EC0-301F-11D3-BF4B-00C04F79EFBC}") = "CGEasy.CircolariModule", "src\CGEasy.CircolariModule\CGEasy.CircolariModule.csproj", "{A13E3D71-DD27-410F-9AF8-05550F31A418}"
EndProject
Project("{FAE04EC0-301F-11D3-BF4B-00C04F79EFBC}") = "CGEasy.ControlloModule", "src\CGEasy.ControlloModule\CGEasy.ControlloModule.csproj", "{C9CBEE32-3C0C-44E9-8A0B-5521890ADADF}"
EndProject
Project("{FAE04EC0-301F-11D3-BF4B-00C04F79EFBC}") = "CGEasy.LicenseGenerator", "src\CGEasy.LicenseGenerator\CGEasy.LicenseGenerator.csproj", "{9D73FAF9-1553-4CA6-93C6-5983041187A4}"
EndProject
Global
	GlobalSection(SolutionConfigurationPlatforms) = preSolution
		Debug|Any CPU = Debug|Any CPU
		Debug|x64 = Debug|x64
		Debug|x86 = Debug|x86
		Release|Any CPU = Release|Any CPU
		Release|x64 = Release|x64
		Release|x86 = Release|x86
	EndGlobalSection
	GlobalSection(ProjectConfigurationPlatforms) = postSolution
		{E176ABCD-BED6-459F-95CA-8C20969F1E15}.Debug|Any CPU.ActiveCfg = Debug|Any CPU
		{E176ABCD-BED6-459F-95CA-8C20969F1E15}.Debug|Any CPU.Build.0 = Debug|Any CPU
		{E176ABCD-BED6-459F-95CA-8C20969F1E15}.Debug|x64.ActiveCfg = Debug|Any CPU
		{E176ABCD-BED6-459F-95CA-8C20969F1E15}.Debug|x64.Build.0 = Debug|Any CPU
		{E176ABCD-BED6-459F-95CA-8C20969F1E15}.Debug|x86.ActiveCfg = Debug|Any CPU
		{E176ABCD-BED6-459F-95CA-8C20969F1E15}.Debug|x86.Build.0 = Debug|Any CPU
		{E176ABCD-BED6-459F-95CA-8C20969F1E15}.Release|Any CPU.ActiveCfg = Release|Any CPU
		{E176ABCD-BED6-459F-95CA-8C20969F1E15}.Release|Any CPU.Build.0 = Release|Any CPU
		{E176ABCD-BED6-459F-95CA-8C20969F1E15}.Release|x64.ActiveCfg = Release|Any CPU
		{E176ABCD-BED6-459F-95CA-8C20969F1E15}.Release|x64.Build.0 = Release|Any CPU
		{E176ABCD-BED6-459F-95CA-8C20969F1E15}.Release|x86.ActiveCfg = Release|Any CPU
		{E176ABCD-BED6-459F-95CA-8C20969F1E15}.Release|x86.Build.0 = Release|Any CPU
		{66E1E675-75BE-4D3C-9B6D-8BE6856ABE45}.Debug|Any CPU.ActiveCfg = Debug|Any CPU
		{66E1E675-75BE-4D3C-9B6D-8BE6856ABE45}.Debug|Any CPU.Build.0 = Debug|Any CPU
		{66E1E675-75BE-4D3C-9B6D-8BE6856ABE45}.Debug|x64.ActiveCfg = Debug|Any CPU
		{66E1E675-75BE-4D3C-9B6D-8BE6856ABE45}.Debug|x64.Build.0 = Debug|Any CPU
		{66E1E675-75BE-4D3C-9B6D-8BE6856ABE45}.Debug|x86.ActiveCfg = Debug|Any CPU
		{66E1E675-75BE-4D3C-9B6D-8BE6856ABE45}.Debug|x86.Build.0 = Debug|Any CPU
		{66E1E675-75BE-4D3C-9B6D-8BE6856ABE45}.Release|Any CPU.ActiveCfg = Release|Any CPU
		{66E1E675-75BE-4D3C-9B6D-8BE6856ABE45}.Release|Any CPU.Build.0 = Release|Any CPU
		{66E1E675-75BE-4D3C-9B6D-8BE6856ABE45}.Release|x64.ActiveCfg = Release|Any CPU
		{66E1E675-75BE-4D3C-9B6D-8BE6856ABE45}.Release|x64.Build.0 = Release|Any CPU
		{66E1E675-75BE-4D3C-9B6D-8BE6856ABE45}.Release|x86.ActiveCfg = Release|Any CPU
		{66E1E675-75BE-4D3C-9B6D-8BE6856ABE45}.Release|x86.Build.0 = Release|Any CPU
		{2C9D91BD-E9BE-4284-9920-6F77FB5B8A33}.Debug|Any CPU.ActiveCfg = Debug|Any CPU
		{2C9D91BD-E9BE-4284-9920-6F77FB5B8A33}.Debug|Any CPU.Build.0 = Debug|Any CPU
		{2C9D91BD-E9BE-4284-9920-6F77FB5B8A33}.Debug|x64.ActiveCfg = Debug|Any CPU
		{2C9D91BD-E9BE-4284-9920-6F77FB5B8A33}.Debug|x64.Build.0 = Debug|Any CPU
		{2C9D91BD-E9BE-4284-9920-6F77FB5B8A33}.Debug|x86.ActiveCfg = Debug|Any CPU
		{2C9D91BD-E9BE-4284-9920-6F77FB5B8A33}.Debug|x86.Build.0 = Debug|Any CPU
		{2C9D91BD-E9BE-4284-9920-6F77FB5B8A33}.Release|Any CPU.ActiveCfg = Release|Any CPU
		{2C9D91BD-E9BE-4284-9920-6F77FB5B8A33}.Release|Any CPU.Build.0 = Release|Any CPU
		{2C9D91BD-E9BE-4284-9920-6F77FB5B8A33}.Release|x64.ActiveCfg = Release|Any CPU
		{2C9D91BD-E9BE-4284-9920-6F77FB5B8A33}.Release|x64.Build.0 = Release|Any CPU
		{2C9D91BD-E9BE-4284-9920-6F77FB5B8A33}.Release|x86.ActiveCfg = Release|Any CPU
		{2C9D91BD-E9BE-4284-9920-6F77FB5B8A33}.Release|x86.Build.0 = Release|Any CPU
		{2E235BAB-0357-403C-B902-AF742AAEFEAC}.Debug|Any CPU.ActiveCfg = Debug|Any CPU
		{2E235BAB-0357-403C-B902-AF742AAEFEAC}.Debug|Any CPU.Build.0 = Debug|Any CPU
		{2E235BAB-0357-403C-B902-AF742AAEFEAC}.Debug|x64.ActiveCfg = Debug|Any CPU
		{2E235BAB-0357-403C-B902-AF742AAEFEAC}.Debug|x64.Build.0 = Debug|Any CPU
		{2E235BAB-0357-403C-B902-AF742AAEFEAC}.Debug|x86.ActiveCfg = Debug|Any CPU
		{2E235BAB-0357-403C-B902-AF742AAEFEAC}.Debug|x86.Build.0 = Debug|Any CPU
		{2E235BAB-0357-403C-B902-AF742AAEFEAC}.Release|Any CPU.ActiveCfg = Release|Any CPU
		{2E235BAB-0357-403C-B902-AF742AAEFEAC}.Release|Any CPU.Build.0 = Release|Any CPU
		{2E235BAB-0357-403C-B902-AF742AAEFEAC}.Release|x64.ActiveCfg = Release|Any CPU
		{2E235BAB-0357-403C-B902-AF742AAEFEAC}.Release|x64.Build.0 = Release|Any CPU
		{2E235BAB-0357-403C-B902-AF742AAEFEAC}.Release|x86.ActiveCfg = Release|Any CPU
		{2E235BAB-0357-403C-B902-AF742AAEFEAC}.Release|x86.Build.0 = Release|Any CPU
		{A13E3D71-DD27-410F-9AF8-05550F31A418}.Debug|Any CPU.ActiveCfg = Debug|Any CPU
		{A13E3D71-DD27-410F-9AF8-05550F31A418}.Debug|Any CPU.Build.0 = Debug|Any CPU
		{A13E3D71-DD27-410F-9AF8-05550F31A418}.Debug|x64.ActiveCfg = Debug|Any CPU
		{A13E3D71-DD27-410F-9AF8-05550F31A418}.Debug|x64.Build.0 = Debug|Any CPU
		{A13E3D71-DD27-410F-9AF8-05550F31A418}.Debug|x86.ActiveCfg = Debug|Any CPU
		{A13E3D71-DD27-410F-9AF8-05550F31A418}.Debug|x86.Build.0 = Debug|Any CPU
		{A13E3D71-DD27-410F-9AF8-05550F31A418}.Release|Any CPU.ActiveCfg = Release|Any CPU
		{A13E3D71-DD27-410F-9AF8-05550F31A418}.Release|Any CPU.Build.0 = Release|Any CPU
		{A13E3D71-DD27-410F-9AF8-05550F31A418}.Release|x64.ActiveCfg = Release|Any CPU
		{A13E3D71-DD27-410F-9AF8-05550F31A418}.Release|x64.Build.0 = Release|Any CPU
		{A13E3D71-DD27-410F-9AF8-05550F31A418}.Release|x86.ActiveCfg = Release|Any CPU
		{A13E3D71-DD27-410F-9AF8-05550F31A418}.Release|x86.Build.0 = Release|Any CPU
		{C9CBEE32-3C0C-44E9-8A0B-5521890ADADF}.Debug|Any CPU.ActiveCfg = Debug|Any CPU
		{C9CBEE32-3C0C-44E9-8A0B-5521890ADADF}.Debug|Any CPU.Build.0 = Debug|Any CPU
		{C9CBEE32-3C0C-44E9-8A0B-5521890ADADF}.Debug|x64.ActiveCfg = Debug|Any CPU
		{C9CBEE32-3C0C-44E9-8A0B-5521890ADADF}.Debug|x64.Build.0 = Debug|Any CPU
		{C9CBEE32-3C0C-44E9-8A0B-5521890ADADF}.Debug|x86.ActiveCfg = Debug|Any CPU
		{C9CBEE32-3C0C-44E9-8A0B-5521890ADADF}.Debug|x86.Build.0 = Debug|Any CPU
		{C9CBEE32-3C0C-44E9-8A0B-5521890ADADF}.Release|Any CPU.ActiveCfg = Release|Any CPU
		{C9CBEE32-3C0C-44E9-8A0B-5521890ADADF}.Release|Any CPU.Build.0 = Release|Any CPU
		{C9CBEE32-3C0C-44E9-8A0B-5521890ADADF}.Release|x64.ActiveCfg = Release|Any CPU
		{C9CBEE32-3C0C-44E9-8A0B-5521890ADADF}.Release|x64.Build.0 = Release|Any CPU
		{C9CBEE32-3C0C-44E9-8A0B-5521890ADADF}.Release|x86.ActiveCfg = Release|Any CPU
		{C9CBEE32-3C0C-44E9-8A0B-5521890ADADF}.Release|x86.Build.0 = Release|Any CPU
		{9D73FAF9-1553-4CA6-93C6-5983041187A4}.Debug|Any CPU.ActiveCfg = Debug|Any CPU
		{9D73FAF9-1553-4CA6-93C6-5983041187A4}.Debug|Any CPU.Build.0 = Debug|Any CPU
		{9D73FAF9-1553-4CA6-93C6-5983041187A4}.Debug|x64.ActiveCfg = Debug|Any CPU
		{9D73FAF9-1553-4CA6-93C6-5983041187A4}.Debug|x64.Build.0 = Debug|Any CPU
		{9D73FAF9-1553-4CA6-93C6-5983041187A4}.Debug|x86.ActiveCfg = Debug|Any CPU
		{9D73FAF9-1553-4CA6-93C6-5983041187A4}.Debug|x86.Build.0 = Debug|Any CPU
		{9D73FAF9-1553-4CA6-93C6-5983041187A4}.Release|Any CPU.ActiveCfg = Release|Any CPU
		{9D73FAF9-1553-4CA6-93C6-5983041187A4}.Release|Any CPU.Build.0 = Release|Any CPU
		{9D73FAF9-1553-4CA6-93C6-5983041187A4}.Release|x64.ActiveCfg = Release|Any CPU
		{9D73FAF9-1553-4CA6-93C6-5983041187A4}.Release|x64.Build.0 = Release|Any CPU
		{9D73FAF9-1553-4CA6-93C6-5983041187A4}.Release|x86.ActiveCfg = Release|Any CPU
		{9D73FAF9-1553-4CA6-93C6-5983041187A4}.Release|x86.Build.0 = Release|Any CPU
	EndGlobalSection
	GlobalSection(SolutionProperties) = preSolution
		HideSolutionNode = FALSE
	EndGlobalSection
	GlobalSection(NestedProjects) = preSolution
		{E176ABCD-BED6-459F-95CA-8C20969F1E15} = {827E0CD3-B72D-47B6-A68D-7590B98EB39B}
		{66E1E675-75BE-4D3C-9B6D-8BE6856ABE45} = {827E0CD3-B72D-47B6-A68D-7590B98EB39B}
		{2C9D91BD-E9BE-4284-9920-6F77FB5B8A33} = {827E0CD3-B72D-47B6-A68D-7590B98EB39B}
		{2E235BAB-0357-403C-B902-AF742AAEFEAC} = {827E0CD3-B72D-47B6-A68D-7590B98EB39B}
		{A13E3D71-DD27-410F-9AF8-05550F31A418} = {827E0CD3-B72D-47B6-A68D-7590B98EB39B}
		{C9CBEE32-3C0C-44E9-8A0B-5521890ADADF} = {827E0CD3-B72D-47B6-A68D-7590B98EB39B}
		{9D73FAF9-1553-4CA6-93C6-5983041187A4} = {827E0CD3-B72D-47B6-A68D-7590B98EB39B}
	EndGlobalSection
EndGlobal
